
Microsoft Visual Studio Solution File, Format Version 12.00
# Visual Studio 15
VisualStudioVersion = 15.0.26730.16
MinimumVisualStudioVersion = 10.0.40219.1
Project("{FAE04EC0-301F-11D3-BF4B-00C04F79EFBC}") = "UI", "RealEstate\UI.csproj", "{EF416601-AC1E-4668-AABB-12BDF3EA0FF2}"
EndProject
Project("{FAE04EC0-301F-11D3-BF4B-00C04F79EFBC}") = "Models", "Models\Models.csproj", "{7086E4F5-C9DD-47C8-9D9C-6825C43EADFC}"
EndProject
Project("{FAE04EC0-301F-11D3-BF4B-00C04F79EFBC}") = "BUS", "BUS\BUS.csproj", "{63401608-AFCC-4050-A682-D66852912BB9}"
EndProject
Project("{FAE04EC0-301F-11D3-BF4B-00C04F79EFBC}") = "DAO", "DAO\DAO.csproj", "{302877C6-7140-4392-BB87-CA7C8D4EF1FC}"
EndProject
Global
	GlobalSection(SolutionConfigurationPlatforms) = preSolution
		Debug|Any CPU = Debug|Any CPU
		Release|Any CPU = Release|Any CPU
	EndGlobalSection
	GlobalSection(ProjectConfigurationPlatforms) = postSolution
		{EF416601-AC1E-4668-AABB-12BDF3EA0FF2}.Debug|Any CPU.ActiveCfg = Debug|Any CPU
		{EF416601-AC1E-4668-AABB-12BDF3EA0FF2}.Debug|Any CPU.Build.0 = Debug|Any CPU
		{EF416601-AC1E-4668-AABB-12BDF3EA0FF2}.Release|Any CPU.ActiveCfg = Release|Any CPU
		{EF416601-AC1E-4668-AABB-12BDF3EA0FF2}.Release|Any CPU.Build.0 = Release|Any CPU
		{7086E4F5-C9DD-47C8-9D9C-6825C43EADFC}.Debug|Any CPU.ActiveCfg = Debug|Any CPU
		{7086E4F5-C9DD-47C8-9D9C-6825C43EADFC}.Debug|Any CPU.Build.0 = Debug|Any CPU
		{7086E4F5-C9DD-47C8-9D9C-6825C43EADFC}.Release|Any CPU.ActiveCfg = Release|Any CPU
		{7086E4F5-C9DD-47C8-9D9C-6825C43EADFC}.Release|Any CPU.Build.0 = Release|Any CPU
		{63401608-AFCC-4050-A682-D66852912BB9}.Debug|Any CPU.ActiveCfg = Debug|Any CPU
		{63401608-AFCC-4050-A682-D66852912BB9}.Debug|Any CPU.Build.0 = Debug|Any CPU
		{63401608-AFCC-4050-A682-D66852912BB9}.Release|Any CPU.ActiveCfg = Release|Any CPU
		{63401608-AFCC-4050-A682-D66852912BB9}.Release|Any CPU.Build.0 = Release|Any CPU
		{302877C6-7140-4392-BB87-CA7C8D4EF1FC}.Debug|Any CPU.ActiveCfg = Debug|Any CPU
		{302877C6-7140-4392-BB87-CA7C8D4EF1FC}.Debug|Any CPU.Build.0 = Debug|Any CPU
		{302877C6-7140-4392-BB87-CA7C8D4EF1FC}.Release|Any CPU.ActiveCfg = Release|Any CPU
		{302877C6-7140-4392-BB87-CA7C8D4EF1FC}.Release|Any CPU.Build.0 = Release|Any CPU
	EndGlobalSection
	GlobalSection(SolutionProperties) = preSolution
		HideSolutionNode = FALSE
	EndGlobalSection
	GlobalSection(ExtensibilityGlobals) = postSolution
		SolutionGuid = {44A1DFA3-EF8C-491F-A4BC-6E5AB828280D}
	EndGlobalSection
EndGlobal
